# THIS IS AN AUTOGENERATED FILE. DO NOT EDIT THIS FILE DIRECTLY.
# yarn lockfile v1


"@biomejs/biome@^1":
  version "1.9.4"
  resolved "https://registry.yarnpkg.com/@biomejs/biome/-/biome-1.9.4.tgz#89766281cbc3a0aae865a7ff13d6aaffea2842bf"
  integrity sha512-1rkd7G70+o9KkTn5KLmDYXihGoTaIGO9PIIN2ZB7UJxFrWw04CZHPYiMRjYsaDvVV7hP1dYNRLxSANLaBFGpog==
  optionalDependencies:
    "@biomejs/cli-darwin-arm64" "1.9.4"
    "@biomejs/cli-darwin-x64" "1.9.4"
    "@biomejs/cli-linux-arm64" "1.9.4"
    "@biomejs/cli-linux-arm64-musl" "1.9.4"
    "@biomejs/cli-linux-x64" "1.9.4"
    "@biomejs/cli-linux-x64-musl" "1.9.4"
    "@biomejs/cli-win32-arm64" "1.9.4"
    "@biomejs/cli-win32-x64" "1.9.4"

"@biomejs/cli-darwin-arm64@1.9.4":
  version "1.9.4"
  resolved "https://registry.yarnpkg.com/@biomejs/cli-darwin-arm64/-/cli-darwin-arm64-1.9.4.tgz#dfa376d23a54a2d8f17133c92f23c1bf2e62509f"
  integrity sha512-bFBsPWrNvkdKrNCYeAp+xo2HecOGPAy9WyNyB/jKnnedgzl4W4Hb9ZMzYNbf8dMCGmUdSavlYHiR01QaYR58cw==

"@biomejs/cli-darwin-x64@1.9.4":
  version "1.9.4"
  resolved "https://registry.yarnpkg.com/@biomejs/cli-darwin-x64/-/cli-darwin-x64-1.9.4.tgz#eafc2ce3849d385fc02238aad1ca4a73395a64d9"
  integrity sha512-ngYBh/+bEedqkSevPVhLP4QfVPCpb+4BBe2p7Xs32dBgs7rh9nY2AIYUL6BgLw1JVXV8GlpKmb/hNiuIxfPfZg==

"@biomejs/cli-linux-arm64-musl@1.9.4":
  version "1.9.4"
  resolved "https://registry.yarnpkg.com/@biomejs/cli-linux-arm64-musl/-/cli-linux-arm64-musl-1.9.4.tgz#d780c3e01758fc90f3268357e3f19163d1f84fca"
  integrity sha512-v665Ct9WCRjGa8+kTr0CzApU0+XXtRgwmzIf1SeKSGAv+2scAlW6JR5PMFo6FzqqZ64Po79cKODKf3/AAmECqA==

"@biomejs/cli-linux-arm64@1.9.4":
  version "1.9.4"
  resolved "https://registry.yarnpkg.com/@biomejs/cli-linux-arm64/-/cli-linux-arm64-1.9.4.tgz#8ed1dd0e89419a4b66a47f95aefb8c46ae6041c9"
  integrity sha512-fJIW0+LYujdjUgJJuwesP4EjIBl/N/TcOX3IvIHJQNsAqvV2CHIogsmA94BPG6jZATS4Hi+xv4SkBBQSt1N4/g==

"@biomejs/cli-linux-x64-musl@1.9.4":
  version "1.9.4"
  resolved "https://registry.yarnpkg.com/@biomejs/cli-linux-x64-musl/-/cli-linux-x64-musl-1.9.4.tgz#f36982b966bd671a36671e1de4417963d7db15fb"
  integrity sha512-gEhi/jSBhZ2m6wjV530Yy8+fNqG8PAinM3oV7CyO+6c3CEh16Eizm21uHVsyVBEB6RIM8JHIl6AGYCv6Q6Q9Tg==

"@biomejs/cli-linux-x64@1.9.4":
  version "1.9.4"
  resolved "https://registry.yarnpkg.com/@biomejs/cli-linux-x64/-/cli-linux-x64-1.9.4.tgz#a0a7f56680c76b8034ddc149dbf398bdd3a462e8"
  integrity sha512-lRCJv/Vi3Vlwmbd6K+oQ0KhLHMAysN8lXoCI7XeHlxaajk06u7G+UsFSO01NAs5iYuWKmVZjmiOzJ0OJmGsMwg==

"@biomejs/cli-win32-arm64@1.9.4":
  version "1.9.4"
  resolved "https://registry.yarnpkg.com/@biomejs/cli-win32-arm64/-/cli-win32-arm64-1.9.4.tgz#e2ef4e0084e76b7e26f0fc887c5ef1265ea56200"
  integrity sha512-tlbhLk+WXZmgwoIKwHIHEBZUwxml7bRJgk0X2sPyNR3S93cdRq6XulAZRQJ17FYGGzWne0fgrXBKpl7l4M87Hg==

"@biomejs/cli-win32-x64@1.9.4":
  version "1.9.4"
  resolved "https://registry.yarnpkg.com/@biomejs/cli-win32-x64/-/cli-win32-x64-1.9.4.tgz#4c7afa90e3970213599b4095e62f87e5972b2340"
  integrity sha512-8Y5wMhVIPaWe6jw2H+KlEm4wP/f7EW3810ZLmDlrEEy5KvBsb9ECEfu/kMWD484ijfQ8+nIi0giMgu9g1UAuuA==

"@module-federation/error-codes@0.11.2":
  version "0.11.2"
  resolved "https://registry.yarnpkg.com/@module-federation/error-codes/-/error-codes-0.11.2.tgz#880cbaf370bacb5d27e5149a93228aebe7ed084c"
  integrity sha512-ik1Qnn0I+WyEdprTck9WGlH41vGsVdUg8cfO+ZM02qOb2cZm5Vu3SlxGAobj6g7uAj0g8yINnd7h7Dci40BxQA==

"@module-federation/runtime-core@0.11.2":
  version "0.11.2"
  resolved "https://registry.yarnpkg.com/@module-federation/runtime-core/-/runtime-core-0.11.2.tgz#677aced902d56afd3e44f4033e8d78d57c8aa029"
  integrity sha512-dia5kKybi6MFU0s5PgglJwN27k7n9Sf69Cy5xZ4BWaP0qlaXTsxHKO0PECHNt2Pt8jDdyU29sQ4DwAQfxpnXJQ==
  dependencies:
    "@module-federation/error-codes" "0.11.2"
    "@module-federation/sdk" "0.11.2"

"@module-federation/runtime-tools@0.11.2":
  version "0.11.2"
  resolved "https://registry.yarnpkg.com/@module-federation/runtime-tools/-/runtime-tools-0.11.2.tgz#d6a5c4f61b93b647de656b08ba465590631a1316"
  integrity sha512-4MJTGAxVq6vxQRkTtTlH7Mm9AVqgn0X9kdu+7RsL7T/qU+jeYsbrntN2CWG3GVVA8r5JddXyTI1iJ0VXQZLV1w==
  dependencies:
    "@module-federation/runtime" "0.11.2"
    "@module-federation/webpack-bundler-runtime" "0.11.2"

"@module-federation/runtime@0.11.2":
  version "0.11.2"
  resolved "https://registry.yarnpkg.com/@module-federation/runtime/-/runtime-0.11.2.tgz#e623136774599ce202bb4ea1e396f18fbaeee19a"
  integrity sha512-Ya9u/L6z2LvhgpqxuKCB7LcigIIRf1BbaxAZIH7mzbq/A7rZtTP7v+73E433jvgiAlbAfPSZkeoYGele6hfRwA==
  dependencies:
    "@module-federation/error-codes" "0.11.2"
    "@module-federation/runtime-core" "0.11.2"
    "@module-federation/sdk" "0.11.2"

"@module-federation/sdk@0.11.2":
  version "0.11.2"
  resolved "https://registry.yarnpkg.com/@module-federation/sdk/-/sdk-0.11.2.tgz#965b0dcf8fb036dda9b1e6812d6ae0a394ea827d"
  integrity sha512-SBFe5xOamluT900J4AGBx+2/kCH/JbfqXoUwPSAC6PRzb8Y7LB0posnOGzmqYsLZXT37vp3d6AmJDsVoajDqxw==

"@module-federation/webpack-bundler-runtime@0.11.2":
  version "0.11.2"
  resolved "https://registry.yarnpkg.com/@module-federation/webpack-bundler-runtime/-/webpack-bundler-runtime-0.11.2.tgz#ef4a21e0ff8aefce9c264a57aa882ee72ecfe6aa"
  integrity sha512-WdwIE6QF+MKs/PdVu0cKPETF743JB9PZ62/qf7Uo3gU4fjsUMc37RnbJZ/qB60EaHHfjwp1v6NnhZw1r4eVsnw==
  dependencies:
    "@module-federation/runtime" "0.11.2"
    "@module-federation/sdk" "0.11.2"

"@rsbuild/core@^1":
  version "1.3.8"
  resolved "https://registry.yarnpkg.com/@rsbuild/core/-/core-1.3.8.tgz#ba41a57fd47b50c9cb8b3b406bbef4ac5e58de23"
  integrity sha512-J3WfY7XH5RRswfXFFUYizhrsEe/ueufALBSYfNyXpDnzTWgO/NGcjtB7iRgOsXs5z1WLRBMukiFUdDFf0iTcMQ==
  dependencies:
    "@rspack/core" "1.3.5"
    "@rspack/lite-tapable" "~1.0.1"
    "@swc/helpers" "^0.5.17"
    core-js "~3.41.0"
    jiti "^2.4.2"

"@rsbuild/plugin-react@^1":
  version "1.2.0"
  resolved "https://registry.yarnpkg.com/@rsbuild/plugin-react/-/plugin-react-1.2.0.tgz#ae0f02e14c9c125e0b7740efa876bd289453b952"
  integrity sha512-TXd0cvcLPF7OrO215vlGSyRXD6Fc3KQWhFuXFKOtRYp+C1Vc9oeW0GopUIStv2pI2/xtv2XX8GOAdJsnsc6lkA==
  dependencies:
    "@rspack/plugin-react-refresh" "~1.2.0"
    react-refresh "^0.17.0"

"@rspack/binding-darwin-arm64@1.3.5":
  version "1.3.5"
  resolved "https://registry.yarnpkg.com/@rspack/binding-darwin-arm64/-/binding-darwin-arm64-1.3.5.tgz#134d03c171b31446f0d04eae0ca059eff931aa87"
  integrity sha512-bhqi9nZ0jrlQc/YgTklzD02y0E8Emdrov6HLcxt/Dzwq5SZryl4Ik8yc/8E1M0PWNkr09+TO8i1Zc51z0Gfu2g==

"@rspack/binding-darwin-x64@1.3.5":
  version "1.3.5"
  resolved "https://registry.yarnpkg.com/@rspack/binding-darwin-x64/-/binding-darwin-x64-1.3.5.tgz#9555abd2b46db300f31c4ff27667fa1cb48546fd"
  integrity sha512-ysNn7bd/5NdVb0mTDBQl+D9GypCSS7FJoJJEeSpPcN01zFF8lRUsvdbOvzrG/CUBA2qbeWhwZvG2eKOy3p2NRA==

"@rspack/binding-linux-arm64-gnu@1.3.5":
  version "1.3.5"
  resolved "https://registry.yarnpkg.com/@rspack/binding-linux-arm64-gnu/-/binding-linux-arm64-gnu-1.3.5.tgz#967b73ef28baf008569c1574a7ebf255ee1cee05"
  integrity sha512-oEfPjYx3RVsMeHG/kI9k96nLJUQhYfQS9HUKS37Ko3RWC84qTuzMAAdWIXE9ys8GHwpks7pL953AfYNK5PLhPw==

"@rspack/binding-linux-arm64-musl@1.3.5":
  version "1.3.5"
  resolved "https://registry.yarnpkg.com/@rspack/binding-linux-arm64-musl/-/binding-linux-arm64-musl-1.3.5.tgz#079bd2a2ef2776e33d03cede14a1f8b72cb91164"
  integrity sha512-4cUoxd8nGsCCnqWBqortJRF+VKWzUm7ac9YRMQ+wpoL5i0abcQf8GqeilsNtRBRNqAlAh3mfgRlyeZgWvoS44g==

"@rspack/binding-linux-x64-gnu@1.3.5":
  version "1.3.5"
  resolved "https://registry.yarnpkg.com/@rspack/binding-linux-x64-gnu/-/binding-linux-x64-gnu-1.3.5.tgz#aa72e057ef0d7129e14ce2b13ce9164a7e524b60"
  integrity sha512-JehI/z61Y9wwkcTxbAdPtjUnAyyAUCJZOqP3FwQTAd2gBFG/8k7v1quGwrfOLsCLOcT3azbd8YFoHmkveGQayQ==

"@rspack/binding-linux-x64-musl@1.3.5":
  version "1.3.5"
  resolved "https://registry.yarnpkg.com/@rspack/binding-linux-x64-musl/-/binding-linux-x64-musl-1.3.5.tgz#b8b7aa7e0103575421d9f3568573ec19e1ca62f8"
  integrity sha512-t8BqaOXrqIXZHTrz4ItX/m6BOvbBkeb7qTewlkN5mMHtPAF/Xg203rQ814VXx59kjgGF7i79PXIK2dQxHnCYDA==

"@rspack/binding-win32-arm64-msvc@1.3.5":
  version "1.3.5"
  resolved "https://registry.yarnpkg.com/@rspack/binding-win32-arm64-msvc/-/binding-win32-arm64-msvc-1.3.5.tgz#4be0c6a3b4abb8b07b53b4bc89dab4ab5e4fac07"
  integrity sha512-k9vf/WgEwxtXzV4la1H6eL07GIlvNjdPdvo1AJZdu0Zcnm600Kv5NSBjySJCp3zUHIKkCE9A0+ibifqbliG0fw==

"@rspack/binding-win32-ia32-msvc@1.3.5":
  version "1.3.5"
  resolved "https://registry.yarnpkg.com/@rspack/binding-win32-ia32-msvc/-/binding-win32-ia32-msvc-1.3.5.tgz#c5da2da5353d0cdef4b664688f07fa2521f15227"
  integrity sha512-dGfGJySHC/ktbNkK/FY2vEpFNK4UT+fgChhmUxIyQaHWjloFGVmEr6NttS0GtdtvblfF3tTzkTe9pGMIkdlegw==

"@rspack/binding-win32-x64-msvc@1.3.5":
  version "1.3.5"
  resolved "https://registry.yarnpkg.com/@rspack/binding-win32-x64-msvc/-/binding-win32-x64-msvc-1.3.5.tgz#e5bbecae2d0be2ccc0edee3d23d0f616fe11ea80"
  integrity sha512-GujYFTr043jse5gdvofsRvltkH/E8G5h3Yu9JG/+6EyQpFJebYm/NpRQrOyqZLIQP39+tbdViTfW4nOpUuurNA==

"@rspack/binding@1.3.5":
  version "1.3.5"
  resolved "https://registry.yarnpkg.com/@rspack/binding/-/binding-1.3.5.tgz#86a4749f4b944d819ccfc834b475c03da2567d43"
  integrity sha512-2oluCT+iBnTg0w7XfR8AmfkvgMPSuqEndzhrlHY//qgyyI04CW1lCMgsh+9wcSOUWUKYSOMCiGiVlYFtae5Lcg==
  optionalDependencies:
    "@rspack/binding-darwin-arm64" "1.3.5"
    "@rspack/binding-darwin-x64" "1.3.5"
    "@rspack/binding-linux-arm64-gnu" "1.3.5"
    "@rspack/binding-linux-arm64-musl" "1.3.5"
    "@rspack/binding-linux-x64-gnu" "1.3.5"
    "@rspack/binding-linux-x64-musl" "1.3.5"
    "@rspack/binding-win32-arm64-msvc" "1.3.5"
    "@rspack/binding-win32-ia32-msvc" "1.3.5"
    "@rspack/binding-win32-x64-msvc" "1.3.5"

"@rspack/core@1.3.5":
  version "1.3.5"
  resolved "https://registry.yarnpkg.com/@rspack/core/-/core-1.3.5.tgz#90bd6be7fb4291e3c4982a631046756fca57c6da"
  integrity sha512-PwIpzXj9wjHM0Ohq6geIKPoh3yNb5oSK74gqzs0plR7pTYLbhrjG/1DSV/JLFF4C5WCpLHHiDEX5E0IYm2Aqeg==
  dependencies:
    "@module-federation/runtime-tools" "0.11.2"
    "@rspack/binding" "1.3.5"
    "@rspack/lite-tapable" "1.0.1"
    caniuse-lite "^1.0.30001707"

"@rspack/lite-tapable@1.0.1", "@rspack/lite-tapable@~1.0.1":
  version "1.0.1"
  resolved "https://registry.yarnpkg.com/@rspack/lite-tapable/-/lite-tapable-1.0.1.tgz#d4540a5d28bd6177164bc0ba0bee4bdec0458591"
  integrity sha512-VynGOEsVw2s8TAlLf/uESfrgfrq2+rcXB1muPJYBWbsm1Oa6r5qVQhjA5ggM6z/coYPrsVMgovl3Ff7Q7OCp1w==

"@rspack/plugin-react-refresh@~1.2.0":
  version "1.2.1"
  resolved "https://registry.yarnpkg.com/@rspack/plugin-react-refresh/-/plugin-react-refresh-1.2.1.tgz#471b84ba33e66662d7a9fabcb6f72c9672dff1f9"
  integrity sha512-zqf81473NYGpp/D4BOC0jmszZS4WFUUBNPK6auQB0zHxyyBzSIW+KjXpeNqCyTROJPZvwPr/Z33LCumR0Vd4Pg==
  dependencies:
    error-stack-parser "^2.1.4"
    html-entities "^2.6.0"

"@swc/helpers@^0.5.17":
  version "0.5.17"
  resolved "https://registry.yarnpkg.com/@swc/helpers/-/helpers-0.5.17.tgz#5a7be95ac0f0bf186e7e6e890e7a6f6cda6ce971"
  integrity sha512-5IKx/Y13RsYd+sauPb2x+U/xZikHjolzfuDgTAl/Tdf3Q8rslRvC19NKDLgAJQ6wsqADk10ntlv08nPFw/gO/A==
  dependencies:
    tslib "^2.8.0"

"@types/prop-types@*":
  version "15.7.14"
  resolved "https://registry.yarnpkg.com/@types/prop-types/-/prop-types-15.7.14.tgz#1433419d73b2a7ebfc6918dcefd2ec0d5cd698f2"
  integrity sha512-gNMvNH49DJ7OJYv+KAKn0Xp45p8PLl6zo2YnvDIbTd4J6MER2BmWN49TG7n9LvkyihINxeKW8+3bfS2yDC9dzQ==

"@types/react-dom@^18":
  version "18.3.6"
  resolved "https://registry.yarnpkg.com/@types/react-dom/-/react-dom-18.3.6.tgz#fa59a5e9a33499a792af6c1130f55921ef49d268"
  integrity sha512-nf22//wEbKXusP6E9pfOCDwFdHAX4u172eaJI4YkDRQEZiorm6KfYnSC2SWLDMVWUOWPERmJnN0ujeAfTBLvrw==

"@types/react@^18":
  version "18.3.20"
  resolved "https://registry.yarnpkg.com/@types/react/-/react-18.3.20.tgz#b0dccda9d2f1bc24d2a04b1d0cb5d0b9a3576ad3"
  integrity sha512-IPaCZN7PShZK/3t6Q87pfTkRm6oLTd4vztyoj+cbHUF1g3FfVb2tFIL79uCRKEfv16AhqDMBywP2VW3KIZUvcg==
  dependencies:
    "@types/prop-types" "*"
    csstype "^3.0.2"

caniuse-lite@^1.0.30001707:
  version "1.0.30001714"
  resolved "https://registry.yarnpkg.com/caniuse-lite/-/caniuse-lite-1.0.30001714.tgz#cfd27ff07e6fa20a0f45c7a10d28a0ffeaba2122"
  integrity sha512-mtgapdwDLSSBnCI3JokHM7oEQBLxiJKVRtg10AxM1AyeiKcM96f0Mkbqeq+1AbiCtvMcHRulAAEMu693JrSWqg==

core-js@~3.41.0:
  version "3.41.0"
  resolved "https://registry.yarnpkg.com/core-js/-/core-js-3.41.0.tgz#57714dafb8c751a6095d028a7428f1fb5834a776"
  integrity sha512-SJ4/EHwS36QMJd6h/Rg+GyR4A5xE0FSI3eZ+iBVpfqf1x0eTSg1smWLHrA+2jQThZSh97fmSgFSU8B61nxosxA==

csstype@^3.0.2:
  version "3.1.3"
  resolved "https://registry.yarnpkg.com/csstype/-/csstype-3.1.3.tgz#d80ff294d114fb0e6ac500fbf85b60137d7eff81"
  integrity sha512-M1uQkMl8rQK/szD0LNhtqxIPLpimGm8sOBwU7lLnCpSbTyY3yeU1Vc7l4KT5zT4s/yOxHH5O7tIuuLOCnLADRw==

error-stack-parser@^2.1.4:
  version "2.1.4"
  resolved "https://registry.yarnpkg.com/error-stack-parser/-/error-stack-parser-2.1.4.tgz#229cb01cdbfa84440bfa91876285b94680188286"
  integrity sha512-Sk5V6wVazPhq5MhpO+AUxJn5x7XSXGl1R93Vn7i+zS15KDVxQijejNCrz8340/2bgLBjR9GtEG8ZVKONDjcqGQ==
  dependencies:
    stackframe "^1.3.4"

html-entities@^2.6.0:
  version "2.6.0"
  resolved "https://registry.yarnpkg.com/html-entities/-/html-entities-2.6.0.tgz#7c64f1ea3b36818ccae3d3fb48b6974208e984f8"
  integrity sha512-kig+rMn/QOVRvr7c86gQ8lWXq+Hkv6CbAH1hLu+RG338StTpE8Z0b44SDVaqVu7HGKf27frdmUYEs9hTUX/cLQ==

jiti@^2.4.2:
  version "2.4.2"
  resolved "https://registry.yarnpkg.com/jiti/-/jiti-2.4.2.tgz#d19b7732ebb6116b06e2038da74a55366faef560"
  integrity sha512-rg9zJN+G4n2nfJl5MW3BMygZX56zKPNVEYYqq7adpmMh4Jn2QNEwhvQlFy6jPVdcod7txZtKHWnyZiA3a0zP7A==

"js-tokens@^3.0.0 || ^4.0.0":
  version "4.0.0"
  resolved "https://registry.yarnpkg.com/js-tokens/-/js-tokens-4.0.0.tgz#19203fb59991df98e3a287050d4647cdeaf32499"
  integrity sha512-RdJUflcE3cUzKiMqQgsCu06FPu9UdIJO0beYbPhHN4k6apgJtifcoCtT9bcxOpYBtpD2kCM6Sbzg4CausW/PKQ==

loose-envify@^1.1.0:
  version "1.4.0"
  resolved "https://registry.yarnpkg.com/loose-envify/-/loose-envify-1.4.0.tgz#71ee51fa7be4caec1a63839f7e682d8132d30caf"
  integrity sha512-lyuxPGr/Wfhrlem2CL/UcnUc1zcqKAImBDzukY7Y5F/yQiNdko6+fRLevlw1HgMySw7f611UIY408EtxRSoK3Q==
  dependencies:
    js-tokens "^3.0.0 || ^4.0.0"

react-dom@^18:
  version "18.3.1"
  resolved "https://registry.yarnpkg.com/react-dom/-/react-dom-18.3.1.tgz#c2265d79511b57d479b3dd3fdfa51536494c5cb4"
  integrity sha512-5m4nQKp+rZRb09LNH59GM4BxTh9251/ylbKIbpe7TpGxfJ+9kv6BLkLBXIjjspbgbnIBNqlI23tRnTWT0snUIw==
  dependencies:
    loose-envify "^1.1.0"
    scheduler "^0.23.2"

react-refresh@^0.17.0:
  version "0.17.0"
  resolved "https://registry.yarnpkg.com/react-refresh/-/react-refresh-0.17.0.tgz#b7e579c3657f23d04eccbe4ad2e58a8ed51e7e53"
  integrity sha512-z6F7K9bV85EfseRCp2bzrpyQ0Gkw1uLoCel9XBVWPg/TjRj94SkJzUTGfOa4bs7iJvBWtQG0Wq7wnI0syw3EBQ==

react@^18:
  version "18.3.1"
  resolved "https://registry.yarnpkg.com/react/-/react-18.3.1.tgz#49ab892009c53933625bd16b2533fc754cab2891"
  integrity sha512-wS+hAgJShR0KhEvPJArfuPVN1+Hz1t0Y6n5jLrGQbkb4urgPE/0Rve+1kMB1v/oWgHgm4WIcV+i7F2pTVj+2iQ==
  dependencies:
    loose-envify "^1.1.0"

scheduler@^0.23.2:
  version "0.23.2"
  resolved "https://registry.yarnpkg.com/scheduler/-/scheduler-0.23.2.tgz#414ba64a3b282892e944cf2108ecc078d115cdc3"
  integrity sha512-UOShsPwz7NrMUqhR6t0hWjFduvOzbtv7toDH1/hIrfRNIDBnnBWd0CwJTGvTpngVlmwGCdP9/Zl/tVrDqcuYzQ==
  dependencies:
    loose-envify "^1.1.0"

stackframe@^1.3.4:
  version "1.3.4"
  resolved "https://registry.yarnpkg.com/stackframe/-/stackframe-1.3.4.tgz#b881a004c8c149a5e8efef37d51b16e412943310"
  integrity sha512-oeVtt7eWQS+Na6F//S4kJ2K2VbRlS9D43mAlMyVpVWovy9o+jfgH8O9agzANzaiLjclA0oYzUXEM4PurhSUChw==

tslib@^2.8.0:
  version "2.8.1"
  resolved "https://registry.yarnpkg.com/tslib/-/tslib-2.8.1.tgz#612efe4ed235d567e8aba5f2a5fab70280ade83f"
  integrity sha512-oJFu94HQb+KVduSUQL7wnpmqnfmLsOA/nAh6b6EH0wCEoK0/mPeXU6c3wKDV83MkOuHPRHtSXKKU99IBazS/2w==

typescript@^5:
  version "5.8.3"
  resolved "https://registry.yarnpkg.com/typescript/-/typescript-5.8.3.tgz#92f8a3e5e3cf497356f4178c34cd65a7f5e8440e"
  integrity sha512-p1diW6TqL9L07nNxvRMM7hMMw4c5XOo/1ibL4aAIGmSAt9slTE1Xgw5KWuof2uTOvCg9BY7ZRi+GaF+7sfgPeQ==
